<?xml version="1.0" encoding="UTF-8"?>
<!DOCTYPE plist PUBLIC "-//Apple//DTD PLIST 1.0//EN" "http://www.apple.com/DTDs/PropertyList-1.0.dtd">
<plist version="1.0">
<dict>
	<key>archiveVersion</key>
	<string>1</string>
	<key>classes</key>
	<dict/>
	<key>objectVersion</key>
	<string>46</string>
	<key>objects</key>
	<dict>
		<key>23509759448C4C7D9CAC9E74</key>
		<dict>
			<key>includeInIndex</key>
			<string>1</string>
			<key>isa</key>
			<string>PBXFileReference</string>
			<key>lastKnownFileType</key>
			<string>text.xcconfig</string>
			<key>name</key>
			<string>Pods.xcconfig</string>
			<key>path</key>
			<string>Pods/Pods.xcconfig</string>
			<key>sourceTree</key>
			<string>&lt;group&gt;</string>
		</dict>
		<key>81DD4584AF884C3F8A9E72D3</key>
		<dict>
			<key>buildActionMask</key>
			<string>2147483647</string>
			<key>files</key>
			<array/>
			<key>inputPaths</key>
			<array/>
			<key>isa</key>
			<string>PBXShellScriptBuildPhase</string>
			<key>name</key>
			<string>Check Pods Manifest.lock</string>
			<key>outputPaths</key>
			<array/>
			<key>runOnlyForDeploymentPostprocessing</key>
			<string>0</string>
			<key>shellPath</key>
			<string>/bin/sh</string>
			<key>shellScript</key>
			<string>diff "${PODS_ROOT}/../Podfile.lock" "${PODS_ROOT}/Manifest.lock" &gt; /dev/null
if [[ $? != 0 ]] ; then
    cat &lt;&lt; EOM
error: The sandbox is not in sync with the Podfile.lock. Run 'pod install' or update your CocoaPods installation.
EOM
    exit 1
fi
</string>
			<key>showEnvVarsInLog</key>
			<string>0</string>
		</dict>
		<key>8B775E9E4FAC418BACAD2041</key>
		<dict>
			<key>fileRef</key>
			<string>D7FABF7CB9E74F7CAE4AB14D</string>
			<key>isa</key>
			<string>PBXBuildFile</string>
		</dict>
		<key>B06AA57D2E8A492BBBFE3233</key>
		<dict>
			<key>buildActionMask</key>
			<string>2147483647</string>
			<key>files</key>
			<array/>
			<key>inputPaths</key>
			<array/>
			<key>isa</key>
			<string>PBXShellScriptBuildPhase</string>
			<key>name</key>
			<string>Copy Pods Resources</string>
			<key>outputPaths</key>
			<array/>
			<key>runOnlyForDeploymentPostprocessing</key>
			<string>0</string>
			<key>shellPath</key>
			<string>/bin/sh</string>
			<key>shellScript</key>
			<string>"${SRCROOT}/Pods/Pods-resources.sh"
</string>
			<key>showEnvVarsInLog</key>
			<string>0</string>
		</dict>
		<key>D39CA6C51831A2080074FC62</key>
		<dict>
			<key>children</key>
			<array>
				<string>D39CA6D71831A2080074FC62</string>
				<string>D39CA6F51831A2080074FC62</string>
				<string>D39CA6D01831A2080074FC62</string>
				<string>D39CA6CF1831A2080074FC62</string>
				<string>23509759448C4C7D9CAC9E74</string>
			</array>
			<key>isa</key>
			<string>PBXGroup</string>
			<key>sourceTree</key>
			<string>&lt;group&gt;</string>
		</dict>
		<key>D39CA6C61831A2080074FC62</key>
		<dict>
			<key>attributes</key>
			<dict>
				<key>LastUpgradeCheck</key>
				<string>0460</string>
				<key>ORGANIZATIONNAME</key>
				<string>Brian Fontenot</string>
			</dict>
			<key>buildConfigurationList</key>
			<string>D39CA6C91831A2080074FC62</string>
			<key>compatibilityVersion</key>
			<string>Xcode 3.2</string>
			<key>developmentRegion</key>
			<string>English</string>
			<key>hasScannedForEncodings</key>
			<string>0</string>
			<key>isa</key>
			<string>PBXProject</string>
			<key>knownRegions</key>
			<array>
				<string>en</string>
			</array>
			<key>mainGroup</key>
			<string>D39CA6C51831A2080074FC62</string>
			<key>productRefGroup</key>
			<string>D39CA6CF1831A2080074FC62</string>
			<key>projectDirPath</key>
			<string></string>
			<key>projectReferences</key>
			<array/>
			<key>projectRoot</key>
			<string></string>
			<key>targets</key>
			<array>
				<string>D39CA6CD1831A2080074FC62</string>
				<string>D39CA6ED1831A2080074FC62</string>
			</array>
		</dict>
		<key>D39CA6C91831A2080074FC62</key>
		<dict>
			<key>buildConfigurations</key>
			<array>
				<string>D39CA6FE1831A2080074FC62</string>
				<string>D39CA6FF1831A2080074FC62</string>
			</array>
			<key>defaultConfigurationIsVisible</key>
			<string>0</string>
			<key>defaultConfigurationName</key>
			<string>Release</string>
			<key>isa</key>
			<string>XCConfigurationList</string>
		</dict>
		<key>D39CA6CA1831A2080074FC62</key>
		<dict>
			<key>buildActionMask</key>
			<string>2147483647</string>
			<key>files</key>
			<array>
				<string>D39CA6DE1831A2080074FC62</string>
				<string>D39CA6E21831A2080074FC62</string>
			</array>
			<key>isa</key>
			<string>PBXSourcesBuildPhase</string>
			<key>runOnlyForDeploymentPostprocessing</key>
			<string>0</string>
		</dict>
		<key>D39CA6CB1831A2080074FC62</key>
		<dict>
			<key>buildActionMask</key>
			<string>2147483647</string>
			<key>files</key>
			<array>
				<string>D39CA6D21831A2080074FC62</string>
				<string>D39CA6D41831A2080074FC62</string>
				<string>D39CA6D61831A2080074FC62</string>
				<string>8B775E9E4FAC418BACAD2041</string>
			</array>
			<key>isa</key>
			<string>PBXFrameworksBuildPhase</string>
			<key>runOnlyForDeploymentPostprocessing</key>
			<string>0</string>
		</dict>
		<key>D39CA6CC1831A2080074FC62</key>
		<dict>
			<key>buildActionMask</key>
			<string>2147483647</string>
			<key>files</key>
			<array>
				<string>D39CA6DC1831A2080074FC62</string>
				<string>D39CA6E41831A2080074FC62</string>
				<string>D39CA6E61831A2080074FC62</string>
				<string>D39CA6E81831A2080074FC62</string>
			</array>
			<key>isa</key>
			<string>PBXResourcesBuildPhase</string>
			<key>runOnlyForDeploymentPostprocessing</key>
			<string>0</string>
		</dict>
		<key>D39CA6CD1831A2080074FC62</key>
		<dict>
			<key>buildConfigurationList</key>
			<string>D39CA7001831A2080074FC62</string>
			<key>buildPhases</key>
			<array>
				<string>81DD4584AF884C3F8A9E72D3</string>
				<string>D39CA6CA1831A2080074FC62</string>
				<string>D39CA6CB1831A2080074FC62</string>
				<string>D39CA6CC1831A2080074FC62</string>
				<string>B06AA57D2E8A492BBBFE3233</string>
			</array>
			<key>buildRules</key>
			<array/>
			<key>dependencies</key>
			<array/>
			<key>isa</key>
			<string>PBXNativeTarget</string>
			<key>name</key>
			<string>ios-portfolio</string>
			<key>productName</key>
			<string>ios-portfolio</string>
			<key>productReference</key>
			<string>D39CA6CE1831A2080074FC62</string>
			<key>productType</key>
			<string>com.apple.product-type.application</string>
		</dict>
		<key>D39CA6CE1831A2080074FC62</key>
		<dict>
			<key>explicitFileType</key>
			<string>wrapper.application</string>
			<key>includeInIndex</key>
			<string>0</string>
			<key>isa</key>
			<string>PBXFileReference</string>
			<key>path</key>
			<string>ios-portfolio.app</string>
			<key>sourceTree</key>
			<string>BUILT_PRODUCTS_DIR</string>
		</dict>
		<key>D39CA6CF1831A2080074FC62</key>
		<dict>
			<key>children</key>
			<array>
				<string>D39CA6CE1831A2080074FC62</string>
				<string>D39CA6EE1831A2080074FC62</string>
			</array>
			<key>isa</key>
			<string>PBXGroup</string>
			<key>name</key>
			<string>Products</string>
			<key>sourceTree</key>
			<string>&lt;group&gt;</string>
		</dict>
		<key>D39CA6D01831A2080074FC62</key>
		<dict>
			<key>children</key>
			<array>
				<string>D39CA6D11831A2080074FC62</string>
				<string>D39CA6D31831A2080074FC62</string>
				<string>D39CA6D51831A2080074FC62</string>
				<string>D39CA6EF1831A2080074FC62</string>
				<string>D7FABF7CB9E74F7CAE4AB14D</string>
			</array>
			<key>isa</key>
			<string>PBXGroup</string>
			<key>name</key>
			<string>Frameworks</string>
			<key>sourceTree</key>
			<string>&lt;group&gt;</string>
		</dict>
		<key>D39CA6D11831A2080074FC62</key>
		<dict>
			<key>isa</key>
			<string>PBXFileReference</string>
			<key>lastKnownFileType</key>
			<string>wrapper.framework</string>
			<key>name</key>
			<string>UIKit.framework</string>
			<key>path</key>
			<string>System/Library/Frameworks/UIKit.framework</string>
			<key>sourceTree</key>
			<string>SDKROOT</string>
		</dict>
		<key>D39CA6D21831A2080074FC62</key>
		<dict>
			<key>fileRef</key>
			<string>D39CA6D11831A2080074FC62</string>
			<key>isa</key>
			<string>PBXBuildFile</string>
		</dict>
		<key>D39CA6D31831A2080074FC62</key>
		<dict>
			<key>isa</key>
			<string>PBXFileReference</string>
			<key>lastKnownFileType</key>
			<string>wrapper.framework</string>
			<key>name</key>
			<string>Foundation.framework</string>
			<key>path</key>
			<string>System/Library/Frameworks/Foundation.framework</string>
			<key>sourceTree</key>
			<string>SDKROOT</string>
		</dict>
		<key>D39CA6D41831A2080074FC62</key>
		<dict>
			<key>fileRef</key>
			<string>D39CA6D31831A2080074FC62</string>
			<key>isa</key>
			<string>PBXBuildFile</string>
		</dict>
		<key>D39CA6D51831A2080074FC62</key>
		<dict>
			<key>isa</key>
			<string>PBXFileReference</string>
			<key>lastKnownFileType</key>
			<string>wrapper.framework</string>
			<key>name</key>
			<string>CoreGraphics.framework</string>
			<key>path</key>
			<string>System/Library/Frameworks/CoreGraphics.framework</string>
			<key>sourceTree</key>
			<string>SDKROOT</string>
		</dict>
		<key>D39CA6D61831A2080074FC62</key>
		<dict>
			<key>fileRef</key>
			<string>D39CA6D51831A2080074FC62</string>
			<key>isa</key>
			<string>PBXBuildFile</string>
		</dict>
		<key>D39CA6D71831A2080074FC62</key>
		<dict>
			<key>children</key>
			<array>
				<string>D39CA6E01831A2080074FC62</string>
				<string>D39CA6E11831A2080074FC62</string>
				<string>D39CA6D81831A2080074FC62</string>
			</array>
			<key>isa</key>
			<string>PBXGroup</string>
			<key>path</key>
			<string>ios-portfolio</string>
			<key>sourceTree</key>
			<string>&lt;group&gt;</string>
		</dict>
		<key>D39CA6D81831A2080074FC62</key>
		<dict>
			<key>children</key>
			<array>
				<string>D39CA6D91831A2080074FC62</string>
				<string>D39CA6DA1831A2080074FC62</string>
				<string>D39CA6DD1831A2080074FC62</string>
				<string>D39CA6DF1831A2080074FC62</string>
				<string>D39CA6E31831A2080074FC62</string>
				<string>D39CA6E51831A2080074FC62</string>
				<string>D39CA6E71831A2080074FC62</string>
			</array>
			<key>isa</key>
			<string>PBXGroup</string>
			<key>name</key>
			<string>Supporting Files</string>
			<key>sourceTree</key>
			<string>&lt;group&gt;</string>
		</dict>
		<key>D39CA6D91831A2080074FC62</key>
		<dict>
			<key>isa</key>
			<string>PBXFileReference</string>
			<key>lastKnownFileType</key>
			<string>text.plist.xml</string>
			<key>path</key>
			<string>ios-portfolio-Info.plist</string>
			<key>sourceTree</key>
			<string>&lt;group&gt;</string>
		</dict>
		<key>D39CA6DA1831A2080074FC62</key>
		<dict>
			<key>children</key>
			<array>
				<string>D39CA6DB1831A2080074FC62</string>
			</array>
			<key>isa</key>
			<string>PBXVariantGroup</string>
			<key>name</key>
			<string>InfoPlist.strings</string>
			<key>sourceTree</key>
			<string>&lt;group&gt;</string>
		</dict>
		<key>D39CA6DB1831A2080074FC62</key>
		<dict>
			<key>isa</key>
			<string>PBXFileReference</string>
			<key>lastKnownFileType</key>
			<string>text.plist.strings</string>
			<key>name</key>
			<string>en</string>
			<key>path</key>
			<string>en.lproj/InfoPlist.strings</string>
			<key>sourceTree</key>
			<string>&lt;group&gt;</string>
		</dict>
		<key>D39CA6DC1831A2080074FC62</key>
		<dict>
			<key>fileRef</key>
			<string>D39CA6DA1831A2080074FC62</string>
			<key>isa</key>
			<string>PBXBuildFile</string>
		</dict>
		<key>D39CA6DD1831A2080074FC62</key>
		<dict>
			<key>isa</key>
			<string>PBXFileReference</string>
			<key>lastKnownFileType</key>
			<string>sourcecode.c.objc</string>
			<key>path</key>
			<string>main.m</string>
			<key>sourceTree</key>
			<string>&lt;group&gt;</string>
		</dict>
		<key>D39CA6DE1831A2080074FC62</key>
		<dict>
			<key>fileRef</key>
			<string>D39CA6DD1831A2080074FC62</string>
			<key>isa</key>
			<string>PBXBuildFile</string>
		</dict>
		<key>D39CA6DF1831A2080074FC62</key>
		<dict>
			<key>isa</key>
			<string>PBXFileReference</string>
			<key>lastKnownFileType</key>
			<string>sourcecode.c.h</string>
			<key>path</key>
			<string>ios-portfolio-Prefix.pch</string>
			<key>sourceTree</key>
			<string>&lt;group&gt;</string>
		</dict>
		<key>D39CA6E01831A2080074FC62</key>
		<dict>
			<key>isa</key>
			<string>PBXFileReference</string>
			<key>lastKnownFileType</key>
			<string>sourcecode.c.h</string>
			<key>path</key>
			<string>AppDelegate.h</string>
			<key>sourceTree</key>
			<string>&lt;group&gt;</string>
		</dict>
		<key>D39CA6E11831A2080074FC62</key>
		<dict>
			<key>isa</key>
			<string>PBXFileReference</string>
			<key>lastKnownFileType</key>
			<string>sourcecode.c.objc</string>
			<key>path</key>
			<string>AppDelegate.m</string>
			<key>sourceTree</key>
			<string>&lt;group&gt;</string>
		</dict>
		<key>D39CA6E21831A2080074FC62</key>
		<dict>
			<key>fileRef</key>
			<string>D39CA6E11831A2080074FC62</string>
			<key>isa</key>
			<string>PBXBuildFile</string>
		</dict>
		<key>D39CA6E31831A2080074FC62</key>
		<dict>
			<key>isa</key>
			<string>PBXFileReference</string>
			<key>lastKnownFileType</key>
			<string>image.png</string>
			<key>path</key>
			<string>Default.png</string>
			<key>sourceTree</key>
			<string>&lt;group&gt;</string>
		</dict>
		<key>D39CA6E41831A2080074FC62</key>
		<dict>
			<key>fileRef</key>
			<string>D39CA6E31831A2080074FC62</string>
			<key>isa</key>
			<string>PBXBuildFile</string>
		</dict>
		<key>D39CA6E51831A2080074FC62</key>
		<dict>
			<key>isa</key>
			<string>PBXFileReference</string>
			<key>lastKnownFileType</key>
			<string>image.png</string>
			<key>path</key>
			<string>Default@2x.png</string>
			<key>sourceTree</key>
			<string>&lt;group&gt;</string>
		</dict>
		<key>D39CA6E61831A2080074FC62</key>
		<dict>
			<key>fileRef</key>
			<string>D39CA6E51831A2080074FC62</string>
			<key>isa</key>
			<string>PBXBuildFile</string>
		</dict>
		<key>D39CA6E71831A2080074FC62</key>
		<dict>
			<key>isa</key>
			<string>PBXFileReference</string>
			<key>lastKnownFileType</key>
			<string>image.png</string>
			<key>path</key>
			<string>Default-568h@2x.png</string>
			<key>sourceTree</key>
			<string>&lt;group&gt;</string>
		</dict>
		<key>D39CA6E81831A2080074FC62</key>
		<dict>
			<key>fileRef</key>
			<string>D39CA6E71831A2080074FC62</string>
			<key>isa</key>
			<string>PBXBuildFile</string>
		</dict>
		<key>D39CA6E91831A2080074FC62</key>
		<dict>
			<key>buildActionMask</key>
			<string>2147483647</string>
			<key>files</key>
			<array>
				<string>D39CA6FD1831A2080074FC62</string>
			</array>
			<key>isa</key>
			<string>PBXSourcesBuildPhase</string>
			<key>runOnlyForDeploymentPostprocessing</key>
			<string>0</string>
		</dict>
		<key>D39CA6EA1831A2080074FC62</key>
		<dict>
			<key>buildActionMask</key>
			<string>2147483647</string>
			<key>files</key>
			<array>
				<string>D39CA6F01831A2080074FC62</string>
				<string>D39CA6F11831A2080074FC62</string>
				<string>D39CA6F21831A2080074FC62</string>
			</array>
			<key>isa</key>
			<string>PBXFrameworksBuildPhase</string>
			<key>runOnlyForDeploymentPostprocessing</key>
			<string>0</string>
		</dict>
		<key>D39CA6EB1831A2080074FC62</key>
		<dict>
			<key>buildActionMask</key>
			<string>2147483647</string>
			<key>files</key>
			<array>
				<string>D39CA6FA1831A2080074FC62</string>
			</array>
			<key>isa</key>
			<string>PBXResourcesBuildPhase</string>
			<key>runOnlyForDeploymentPostprocessing</key>
			<string>0</string>
		</dict>
		<key>D39CA6EC1831A2080074FC62</key>
		<dict>
			<key>buildActionMask</key>
			<string>2147483647</string>
			<key>files</key>
			<array/>
			<key>inputPaths</key>
			<array/>
			<key>isa</key>
			<string>PBXShellScriptBuildPhase</string>
			<key>outputPaths</key>
			<array/>
			<key>runOnlyForDeploymentPostprocessing</key>
			<string>0</string>
			<key>shellPath</key>
			<string>/bin/sh</string>
			<key>shellScript</key>
			<string># Run the unit tests in this test bundle.
"${SYSTEM_DEVELOPER_DIR}/Tools/RunUnitTests"
</string>
		</dict>
		<key>D39CA6ED1831A2080074FC62</key>
		<dict>
			<key>buildConfigurationList</key>
			<string>D39CA7031831A2080074FC62</string>
			<key>buildPhases</key>
			<array>
				<string>D39CA6E91831A2080074FC62</string>
				<string>D39CA6EA1831A2080074FC62</string>
				<string>D39CA6EB1831A2080074FC62</string>
				<string>D39CA6EC1831A2080074FC62</string>
			</array>
			<key>buildRules</key>
			<array/>
			<key>dependencies</key>
			<array>
				<string>D39CA6F41831A2080074FC62</string>
			</array>
			<key>isa</key>
			<string>PBXNativeTarget</string>
			<key>name</key>
			<string>ios-portfolioTests</string>
			<key>productName</key>
			<string>ios-portfolioTests</string>
			<key>productReference</key>
			<string>D39CA6EE1831A2080074FC62</string>
			<key>productType</key>
			<string>com.apple.product-type.bundle</string>
		</dict>
		<key>D39CA6EE1831A2080074FC62</key>
		<dict>
			<key>explicitFileType</key>
			<string>wrapper.cfbundle</string>
			<key>includeInIndex</key>
			<string>0</string>
			<key>isa</key>
			<string>PBXFileReference</string>
			<key>path</key>
			<string>ios-portfolioTests.octest</string>
			<key>sourceTree</key>
			<string>BUILT_PRODUCTS_DIR</string>
		</dict>
		<key>D39CA6EF1831A2080074FC62</key>
		<dict>
			<key>isa</key>
			<string>PBXFileReference</string>
			<key>lastKnownFileType</key>
			<string>wrapper.framework</string>
			<key>name</key>
			<string>SenTestingKit.framework</string>
			<key>path</key>
			<string>Library/Frameworks/SenTestingKit.framework</string>
			<key>sourceTree</key>
			<string>DEVELOPER_DIR</string>
		</dict>
		<key>D39CA6F01831A2080074FC62</key>
		<dict>
			<key>fileRef</key>
			<string>D39CA6EF1831A2080074FC62</string>
			<key>isa</key>
			<string>PBXBuildFile</string>
		</dict>
		<key>D39CA6F11831A2080074FC62</key>
		<dict>
			<key>fileRef</key>
			<string>D39CA6D11831A2080074FC62</string>
			<key>isa</key>
			<string>PBXBuildFile</string>
		</dict>
		<key>D39CA6F21831A2080074FC62</key>
		<dict>
			<key>fileRef</key>
			<string>D39CA6D31831A2080074FC62</string>
			<key>isa</key>
			<string>PBXBuildFile</string>
		</dict>
		<key>D39CA6F31831A2080074FC62</key>
		<dict>
			<key>containerPortal</key>
			<string>D39CA6C61831A2080074FC62</string>
			<key>isa</key>
			<string>PBXContainerItemProxy</string>
			<key>proxyType</key>
			<string>1</string>
			<key>remoteGlobalIDString</key>
			<string>D39CA6CD1831A2080074FC62</string>
			<key>remoteInfo</key>
			<string>ios-portfolio</string>
		</dict>
		<key>D39CA6F41831A2080074FC62</key>
		<dict>
			<key>isa</key>
			<string>PBXTargetDependency</string>
			<key>target</key>
			<string>D39CA6CD1831A2080074FC62</string>
			<key>targetProxy</key>
			<string>D39CA6F31831A2080074FC62</string>
		</dict>
		<key>D39CA6F51831A2080074FC62</key>
		<dict>
			<key>children</key>
			<array>
				<string>D39CA6FB1831A2080074FC62</string>
				<string>D39CA6FC1831A2080074FC62</string>
				<string>D39CA6F61831A2080074FC62</string>
			</array>
			<key>isa</key>
			<string>PBXGroup</string>
			<key>path</key>
			<string>ios-portfolioTests</string>
			<key>sourceTree</key>
			<string>&lt;group&gt;</string>
		</dict>
		<key>D39CA6F61831A2080074FC62</key>
		<dict>
			<key>children</key>
			<array>
				<string>D39CA6F71831A2080074FC62</string>
				<string>D39CA6F81831A2080074FC62</string>
			</array>
			<key>isa</key>
			<string>PBXGroup</string>
			<key>name</key>
			<string>Supporting Files</string>
			<key>sourceTree</key>
			<string>&lt;group&gt;</string>
		</dict>
		<key>D39CA6F71831A2080074FC62</key>
		<dict>
			<key>isa</key>
			<string>PBXFileReference</string>
			<key>lastKnownFileType</key>
			<string>text.plist.xml</string>
			<key>path</key>
			<string>ios-portfolioTests-Info.plist</string>
			<key>sourceTree</key>
			<string>&lt;group&gt;</string>
		</dict>
		<key>D39CA6F81831A2080074FC62</key>
		<dict>
			<key>children</key>
			<array>
				<string>D39CA6F91831A2080074FC62</string>
			</array>
			<key>isa</key>
			<string>PBXVariantGroup</string>
			<key>name</key>
			<string>InfoPlist.strings</string>
			<key>sourceTree</key>
			<string>&lt;group&gt;</string>
		</dict>
		<key>D39CA6F91831A2080074FC62</key>
		<dict>
			<key>isa</key>
			<string>PBXFileReference</string>
			<key>lastKnownFileType</key>
			<string>text.plist.strings</string>
			<key>name</key>
			<string>en</string>
			<key>path</key>
			<string>en.lproj/InfoPlist.strings</string>
			<key>sourceTree</key>
			<string>&lt;group&gt;</string>
		</dict>
		<key>D39CA6FA1831A2080074FC62</key>
		<dict>
			<key>fileRef</key>
			<string>D39CA6F81831A2080074FC62</string>
			<key>isa</key>
			<string>PBXBuildFile</string>
		</dict>
		<key>D39CA6FB1831A2080074FC62</key>
		<dict>
			<key>isa</key>
			<string>PBXFileReference</string>
			<key>lastKnownFileType</key>
			<string>sourcecode.c.h</string>
			<key>path</key>
			<string>ios_portfolioTests.h</string>
			<key>sourceTree</key>
			<string>&lt;group&gt;</string>
		</dict>
		<key>D39CA6FC1831A2080074FC62</key>
		<dict>
			<key>isa</key>
			<string>PBXFileReference</string>
			<key>lastKnownFileType</key>
			<string>sourcecode.c.objc</string>
			<key>path</key>
			<string>ios_portfolioTests.m</string>
			<key>sourceTree</key>
			<string>&lt;group&gt;</string>
		</dict>
		<key>D39CA6FD1831A2080074FC62</key>
		<dict>
			<key>fileRef</key>
			<string>D39CA6FC1831A2080074FC62</string>
			<key>isa</key>
			<string>PBXBuildFile</string>
		</dict>
		<key>D39CA6FE1831A2080074FC62</key>
		<dict>
			<key>buildSettings</key>
			<dict>
				<key>ALWAYS_SEARCH_USER_PATHS</key>
				<string>NO</string>
				<key>CLANG_CXX_LANGUAGE_STANDARD</key>
				<string>gnu++0x</string>
				<key>CLANG_CXX_LIBRARY</key>
				<string>libc++</string>
				<key>CLANG_ENABLE_OBJC_ARC</key>
				<string>YES</string>
				<key>CLANG_WARN_CONSTANT_CONVERSION</key>
				<string>YES</string>
				<key>CLANG_WARN_EMPTY_BODY</key>
				<string>YES</string>
				<key>CLANG_WARN_ENUM_CONVERSION</key>
				<string>YES</string>
				<key>CLANG_WARN_INT_CONVERSION</key>
				<string>YES</string>
				<key>CLANG_WARN__DUPLICATE_METHOD_MATCH</key>
				<string>YES</string>
				<key>CODE_SIGN_IDENTITY[sdk=iphoneos*]</key>
				<string>iPhone Developer</string>
				<key>COPY_PHASE_STRIP</key>
				<string>NO</string>
				<key>GCC_C_LANGUAGE_STANDARD</key>
				<string>gnu99</string>
				<key>GCC_DYNAMIC_NO_PIC</key>
				<string>NO</string>
				<key>GCC_OPTIMIZATION_LEVEL</key>
				<string>0</string>
				<key>GCC_PREPROCESSOR_DEFINITIONS</key>
				<array>
					<string>DEBUG=1</string>
					<string>$(inherited)</string>
				</array>
				<key>GCC_SYMBOLS_PRIVATE_EXTERN</key>
				<string>NO</string>
				<key>GCC_WARN_ABOUT_RETURN_TYPE</key>
				<string>YES</string>
				<key>GCC_WARN_UNINITIALIZED_AUTOS</key>
				<string>YES</string>
				<key>GCC_WARN_UNUSED_VARIABLE</key>
				<string>YES</string>
				<key>IPHONEOS_DEPLOYMENT_TARGET</key>
				<string>6.1</string>
				<key>ONLY_ACTIVE_ARCH</key>
				<string>YES</string>
				<key>SDKROOT</key>
				<string>iphoneos</string>
			</dict>
			<key>isa</key>
			<string>XCBuildConfiguration</string>
			<key>name</key>
			<string>Debug</string>
		</dict>
		<key>D39CA6FF1831A2080074FC62</key>
		<dict>
			<key>buildSettings</key>
			<dict>
				<key>ALWAYS_SEARCH_USER_PATHS</key>
				<string>NO</string>
				<key>CLANG_CXX_LANGUAGE_STANDARD</key>
				<string>gnu++0x</string>
				<key>CLANG_CXX_LIBRARY</key>
				<string>libc++</string>
				<key>CLANG_ENABLE_OBJC_ARC</key>
				<string>YES</string>
				<key>CLANG_WARN_CONSTANT_CONVERSION</key>
				<string>YES</string>
				<key>CLANG_WARN_EMPTY_BODY</key>
				<string>YES</string>
				<key>CLANG_WARN_ENUM_CONVERSION</key>
				<string>YES</string>
				<key>CLANG_WARN_INT_CONVERSION</key>
				<string>YES</string>
				<key>CLANG_WARN__DUPLICATE_METHOD_MATCH</key>
				<string>YES</string>
				<key>CODE_SIGN_IDENTITY[sdk=iphoneos*]</key>
				<string>iPhone Developer</string>
				<key>COPY_PHASE_STRIP</key>
				<string>YES</string>
				<key>GCC_C_LANGUAGE_STANDARD</key>
				<string>gnu99</string>
				<key>GCC_WARN_ABOUT_RETURN_TYPE</key>
				<string>YES</string>
				<key>GCC_WARN_UNINITIALIZED_AUTOS</key>
				<string>YES</string>
				<key>GCC_WARN_UNUSED_VARIABLE</key>
				<string>YES</string>
				<key>IPHONEOS_DEPLOYMENT_TARGET</key>
				<string>6.1</string>
				<key>OTHER_CFLAGS</key>
				<string>-DNS_BLOCK_ASSERTIONS=1</string>
				<key>SDKROOT</key>
				<string>iphoneos</string>
				<key>VALIDATE_PRODUCT</key>
				<string>YES</string>
			</dict>
			<key>isa</key>
			<string>XCBuildConfiguration</string>
			<key>name</key>
			<string>Release</string>
		</dict>
		<key>D39CA7001831A2080074FC62</key>
		<dict>
			<key>buildConfigurations</key>
			<array>
				<string>D39CA7011831A2080074FC62</string>
				<string>D39CA7021831A2080074FC62</string>
			</array>
			<key>defaultConfigurationIsVisible</key>
			<string>0</string>
			<key>isa</key>
			<string>XCConfigurationList</string>
		</dict>
		<key>D39CA7011831A2080074FC62</key>
		<dict>
			<key>baseConfigurationReference</key>
			<string>23509759448C4C7D9CAC9E74</string>
			<key>buildSettings</key>
			<dict>
				<key>GCC_PRECOMPILE_PREFIX_HEADER</key>
				<string>YES</string>
				<key>GCC_PREFIX_HEADER</key>
				<string>ios-portfolio/ios-portfolio-Prefix.pch</string>
				<key>INFOPLIST_FILE</key>
				<string>ios-portfolio/ios-portfolio-Info.plist</string>
				<key>PRODUCT_NAME</key>
				<string>$(TARGET_NAME)</string>
				<key>WRAPPER_EXTENSION</key>
				<string>app</string>
			</dict>
			<key>isa</key>
			<string>XCBuildConfiguration</string>
			<key>name</key>
			<string>Debug</string>
		</dict>
		<key>D39CA7021831A2080074FC62</key>
		<dict>
			<key>baseConfigurationReference</key>
			<string>23509759448C4C7D9CAC9E74</string>
			<key>buildSettings</key>
			<dict>
				<key>GCC_PRECOMPILE_PREFIX_HEADER</key>
				<string>YES</string>
				<key>GCC_PREFIX_HEADER</key>
				<string>ios-portfolio/ios-portfolio-Prefix.pch</string>
				<key>INFOPLIST_FILE</key>
				<string>ios-portfolio/ios-portfolio-Info.plist</string>
				<key>PRODUCT_NAME</key>
				<string>$(TARGET_NAME)</string>
				<key>WRAPPER_EXTENSION</key>
				<string>app</string>
			</dict>
			<key>isa</key>
			<string>XCBuildConfiguration</string>
			<key>name</key>
			<string>Release</string>
		</dict>
		<key>D39CA7031831A2080074FC62</key>
		<dict>
			<key>buildConfigurations</key>
			<array>
				<string>D39CA7041831A2080074FC62</string>
				<string>D39CA7051831A2080074FC62</string>
			</array>
			<key>defaultConfigurationIsVisible</key>
			<string>0</string>
			<key>isa</key>
			<string>XCConfigurationList</string>
		</dict>
		<key>D39CA7041831A2080074FC62</key>
		<dict>
			<key>buildSettings</key>
			<dict>
				<key>BUNDLE_LOADER</key>
				<string>$(BUILT_PRODUCTS_DIR)/ios-portfolio.app/ios-portfolio</string>
				<key>FRAMEWORK_SEARCH_PATHS</key>
				<array>
					<string>"$(SDKROOT)/Developer/Library/Frameworks"</string>
					<string>"$(DEVELOPER_LIBRARY_DIR)/Frameworks"</string>
				</array>
				<key>GCC_PRECOMPILE_PREFIX_HEADER</key>
				<string>YES</string>
				<key>GCC_PREFIX_HEADER</key>
				<string>ios-portfolio/ios-portfolio-Prefix.pch</string>
				<key>INFOPLIST_FILE</key>
				<string>ios-portfolioTests/ios-portfolioTests-Info.plist</string>
				<key>PRODUCT_NAME</key>
				<string>$(TARGET_NAME)</string>
				<key>TEST_HOST</key>
				<string>$(BUNDLE_LOADER)</string>
				<key>WRAPPER_EXTENSION</key>
				<string>octest</string>
			</dict>
			<key>isa</key>
			<string>XCBuildConfiguration</string>
			<key>name</key>
			<string>Debug</string>
		</dict>
		<key>D39CA7051831A2080074FC62</key>
		<dict>
			<key>buildSettings</key>
			<dict>
				<key>BUNDLE_LOADER</key>
				<string>$(BUILT_PRODUCTS_DIR)/ios-portfolio.app/ios-portfolio</string>
				<key>FRAMEWORK_SEARCH_PATHS</key>
				<array>
					<string>"$(SDKROOT)/Developer/Library/Frameworks"</string>
					<string>"$(DEVELOPER_LIBRARY_DIR)/Frameworks"</string>
				</array>
				<key>GCC_PRECOMPILE_PREFIX_HEADER</key>
				<string>YES</string>
				<key>GCC_PREFIX_HEADER</key>
				<string>ios-portfolio/ios-portfolio-Prefix.pch</string>
				<key>INFOPLIST_FILE</key>
				<string>ios-portfolioTests/ios-portfolioTests-Info.plist</string>
				<key>PRODUCT_NAME</key>
				<string>$(TARGET_NAME)</string>
				<key>TEST_HOST</key>
				<string>$(BUNDLE_LOADER)</string>
				<key>WRAPPER_EXTENSION</key>
				<string>octest</string>
			</dict>
			<key>isa</key>
			<string>XCBuildConfiguration</string>
			<key>name</key>
			<string>Release</string>
		</dict>
		<key>D7FABF7CB9E74F7CAE4AB14D</key>
		<dict>
			<key>explicitFileType</key>
			<string>archive.ar</string>
			<key>includeInIndex</key>
			<string>0</string>
			<key>isa</key>
			<string>PBXFileReference</string>
			<key>path</key>
			<string>libPods.a</string>
			<key>sourceTree</key>
			<string>BUILT_PRODUCTS_DIR</string>
		</dict>
	</dict>
	<key>rootObject</key>
	<string>D39CA6C61831A2080074FC62</string>
</dict>
</plist>
